
Microsoft Visual Studio Solution File, Format Version 12.00
# Visual Studio Version 17
VisualStudioVersion = 17.0.31903.59
MinimumVisualStudioVersion = 10.0.40219.1
Project("{9A19103F-16F7-4668-BE54-9A1E7A4F7556}") = "day01", "day01\day01.csproj", "{056E5EBC-3266-4E1D-9465-F288BFDF679A}"
EndProject
Project("{9A19103F-16F7-4668-BE54-9A1E7A4F7556}") = "day02", "day02\day02.csproj", "{2063E19E-98F6-4A42-8644-199C2E90BF4F}"
EndProject
Project("{9A19103F-16F7-4668-BE54-9A1E7A4F7556}") = "day03", "day03\day03.csproj", "{297DE2B3-3302-4862-87F5-C5069A245CDB}"
EndProject
Project("{9A19103F-16F7-4668-BE54-9A1E7A4F7556}") = "day04", "day04\day04.csproj", "{D9EF0526-49DA-4DE5-AD39-1F0D336FB95F}"
EndProject
Project("{9A19103F-16F7-4668-BE54-9A1E7A4F7556}") = "day05", "day05\day05.csproj", "{C13E9847-8A8F-4C25-BE75-CCF440BE55DC}"
EndProject
Project("{8BC9CEB8-8B4A-11D0-8D11-00A0C91BC942}") = "day06", "day06\day6.vcxproj", "{00CB500C-623E-4767-8E1E-D326084F274A}"
EndProject
Project("{9A19103F-16F7-4668-BE54-9A1E7A4F7556}") = "day07", "day07\day07.csproj", "{C0EA3F54-BA35-4675-9009-5FBAB2291EC1}"
EndProject
Project("{9A19103F-16F7-4668-BE54-9A1E7A4F7556}") = "day08", "day08\day08.csproj", "{E242D7BE-4974-49FE-B195-62C0F40F2299}"
EndProject
Project("{9A19103F-16F7-4668-BE54-9A1E7A4F7556}") = "day09", "day09\day09.csproj", "{E721FFCA-04EC-40FE-A96A-84D66279EEFA}"
EndProject
Project("{9A19103F-16F7-4668-BE54-9A1E7A4F7556}") = "day10", "day10\day10.csproj", "{DD28834F-D8CC-494D-A1B5-51EEDA912AB7}"
EndProject
Project("{8BC9CEB8-8B4A-11D0-8D11-00A0C91BC942}") = "day11", "day11\day11.vcxproj", "{8CC1A739-C034-45F9-A349-FE81D3A72472}"
EndProject
Project("{9A19103F-16F7-4668-BE54-9A1E7A4F7556}") = "day12", "day12\day12.csproj", "{25929B52-8840-4FFD-80B4-6B761414914E}"
EndProject
Project("{8BC9CEB8-8B4A-11D0-8D11-00A0C91BC942}") = "day13", "day13\day13.vcxproj", "{24AC6A45-BD15-414F-B594-7B25768F630A}"
EndProject
Project("{8BC9CEB8-8B4A-11D0-8D11-00A0C91BC942}") = "day14", "day14\day14.vcxproj", "{3B131A1B-3598-46F5-8A55-A696550C3E49}"
EndProject
Project("{8BC9CEB8-8B4A-11D0-8D11-00A0C91BC942}") = "day15", "day15\day15.vcxproj", "{24B48F94-3AAD-49DA-923C-5680A1CF439E}"
EndProject
Project("{8BC9CEB8-8B4A-11D0-8D11-00A0C91BC942}") = "day16", "day16\day16.vcxproj", "{418D837D-0DD1-4B6E-97FB-966CD04410B2}"
EndProject
Project("{8BC9CEB8-8B4A-11D0-8D11-00A0C91BC942}") = "day17", "day17\day17.vcxproj", "{A174C530-2B0C-4598-B3D3-C5BAF287F61C}"
EndProject
Project("{8BC9CEB8-8B4A-11D0-8D11-00A0C91BC942}") = "day18", "day18\day18.vcxproj", "{0A8C0159-CA25-4EAC-97F5-249BCCEE190A}"
EndProject
Project("{8BC9CEB8-8B4A-11D0-8D11-00A0C91BC942}") = "day19", "day19\day19.vcxproj", "{DC69B3D1-FF12-42D9-B52B-55743BF18EE7}"
EndProject
Project("{8BC9CEB8-8B4A-11D0-8D11-00A0C91BC942}") = "day20", "day20\day20.vcxproj", "{9ECBF728-CB2F-4658-9AE2-308FE05CAB0A}"
EndProject
Project("{8BC9CEB8-8B4A-11D0-8D11-00A0C91BC942}") = "day21", "day21\day21.vcxproj", "{AEF51872-A7D0-41DB-8473-679C1541560B}"
EndProject
Project("{8BC9CEB8-8B4A-11D0-8D11-00A0C91BC942}") = "day22", "day22\day22.vcxproj", "{5C2081FC-7446-4C46-AB9F-4FA3159283EE}"
EndProject
Project("{8BC9CEB8-8B4A-11D0-8D11-00A0C91BC942}") = "day24", "day24\day24.vcxproj", "{F136C15C-B4CB-4C25-9431-A946B302C965}"
EndProject
Project("{FAE04EC0-301F-11D3-BF4B-00C04F79EFBC}") = "day23", "day23\day23.csproj", "{21B769FE-B1A3-44AB-8E87-793F966CBB44}"
EndProject
Global
	GlobalSection(SolutionConfigurationPlatforms) = preSolution
		Debug|Any CPU = Debug|Any CPU
		Debug|x64 = Debug|x64
		Debug|x86 = Debug|x86
		Release|Any CPU = Release|Any CPU
		Release|x64 = Release|x64
		Release|x86 = Release|x86
	EndGlobalSection
	GlobalSection(ProjectConfigurationPlatforms) = postSolution
		{056E5EBC-3266-4E1D-9465-F288BFDF679A}.Debug|Any CPU.ActiveCfg = Debug|Any CPU
		{056E5EBC-3266-4E1D-9465-F288BFDF679A}.Debug|Any CPU.Build.0 = Debug|Any CPU
		{056E5EBC-3266-4E1D-9465-F288BFDF679A}.Debug|x64.ActiveCfg = Debug|Any CPU
		{056E5EBC-3266-4E1D-9465-F288BFDF679A}.Debug|x64.Build.0 = Debug|Any CPU
		{056E5EBC-3266-4E1D-9465-F288BFDF679A}.Debug|x86.ActiveCfg = Debug|Any CPU
		{056E5EBC-3266-4E1D-9465-F288BFDF679A}.Debug|x86.Build.0 = Debug|Any CPU
		{056E5EBC-3266-4E1D-9465-F288BFDF679A}.Release|Any CPU.ActiveCfg = Release|Any CPU
		{056E5EBC-3266-4E1D-9465-F288BFDF679A}.Release|Any CPU.Build.0 = Release|Any CPU
		{056E5EBC-3266-4E1D-9465-F288BFDF679A}.Release|x64.ActiveCfg = Release|Any CPU
		{056E5EBC-3266-4E1D-9465-F288BFDF679A}.Release|x64.Build.0 = Release|Any CPU
		{056E5EBC-3266-4E1D-9465-F288BFDF679A}.Release|x86.ActiveCfg = Release|Any CPU
		{056E5EBC-3266-4E1D-9465-F288BFDF679A}.Release|x86.Build.0 = Release|Any CPU
		{2063E19E-98F6-4A42-8644-199C2E90BF4F}.Debug|Any CPU.ActiveCfg = Debug|Any CPU
		{2063E19E-98F6-4A42-8644-199C2E90BF4F}.Debug|Any CPU.Build.0 = Debug|Any CPU
		{2063E19E-98F6-4A42-8644-199C2E90BF4F}.Debug|x64.ActiveCfg = Debug|Any CPU
		{2063E19E-98F6-4A42-8644-199C2E90BF4F}.Debug|x64.Build.0 = Debug|Any CPU
		{2063E19E-98F6-4A42-8644-199C2E90BF4F}.Debug|x86.ActiveCfg = Debug|Any CPU
		{2063E19E-98F6-4A42-8644-199C2E90BF4F}.Debug|x86.Build.0 = Debug|Any CPU
		{2063E19E-98F6-4A42-8644-199C2E90BF4F}.Release|Any CPU.ActiveCfg = Release|Any CPU
		{2063E19E-98F6-4A42-8644-199C2E90BF4F}.Release|Any CPU.Build.0 = Release|Any CPU
		{2063E19E-98F6-4A42-8644-199C2E90BF4F}.Release|x64.ActiveCfg = Release|Any CPU
		{2063E19E-98F6-4A42-8644-199C2E90BF4F}.Release|x64.Build.0 = Release|Any CPU
		{2063E19E-98F6-4A42-8644-199C2E90BF4F}.Release|x86.ActiveCfg = Release|Any CPU
		{2063E19E-98F6-4A42-8644-199C2E90BF4F}.Release|x86.Build.0 = Release|Any CPU
		{297DE2B3-3302-4862-87F5-C5069A245CDB}.Debug|Any CPU.ActiveCfg = Debug|Any CPU
		{297DE2B3-3302-4862-87F5-C5069A245CDB}.Debug|Any CPU.Build.0 = Debug|Any CPU
		{297DE2B3-3302-4862-87F5-C5069A245CDB}.Debug|x64.ActiveCfg = Debug|Any CPU
		{297DE2B3-3302-4862-87F5-C5069A245CDB}.Debug|x64.Build.0 = Debug|Any CPU
		{297DE2B3-3302-4862-87F5-C5069A245CDB}.Debug|x86.ActiveCfg = Debug|Any CPU
		{297DE2B3-3302-4862-87F5-C5069A245CDB}.Debug|x86.Build.0 = Debug|Any CPU
		{297DE2B3-3302-4862-87F5-C5069A245CDB}.Release|Any CPU.ActiveCfg = Release|Any CPU
		{297DE2B3-3302-4862-87F5-C5069A245CDB}.Release|Any CPU.Build.0 = Release|Any CPU
		{297DE2B3-3302-4862-87F5-C5069A245CDB}.Release|x64.ActiveCfg = Release|Any CPU
		{297DE2B3-3302-4862-87F5-C5069A245CDB}.Release|x64.Build.0 = Release|Any CPU
		{297DE2B3-3302-4862-87F5-C5069A245CDB}.Release|x86.ActiveCfg = Release|Any CPU
		{297DE2B3-3302-4862-87F5-C5069A245CDB}.Release|x86.Build.0 = Release|Any CPU
		{D9EF0526-49DA-4DE5-AD39-1F0D336FB95F}.Debug|Any CPU.ActiveCfg = Debug|Any CPU
		{D9EF0526-49DA-4DE5-AD39-1F0D336FB95F}.Debug|Any CPU.Build.0 = Debug|Any CPU
		{D9EF0526-49DA-4DE5-AD39-1F0D336FB95F}.Debug|x64.ActiveCfg = Debug|Any CPU
		{D9EF0526-49DA-4DE5-AD39-1F0D336FB95F}.Debug|x64.Build.0 = Debug|Any CPU
		{D9EF0526-49DA-4DE5-AD39-1F0D336FB95F}.Debug|x86.ActiveCfg = Debug|Any CPU
		{D9EF0526-49DA-4DE5-AD39-1F0D336FB95F}.Debug|x86.Build.0 = Debug|Any CPU
		{D9EF0526-49DA-4DE5-AD39-1F0D336FB95F}.Release|Any CPU.ActiveCfg = Release|Any CPU
		{D9EF0526-49DA-4DE5-AD39-1F0D336FB95F}.Release|Any CPU.Build.0 = Release|Any CPU
		{D9EF0526-49DA-4DE5-AD39-1F0D336FB95F}.Release|x64.ActiveCfg = Release|Any CPU
		{D9EF0526-49DA-4DE5-AD39-1F0D336FB95F}.Release|x64.Build.0 = Release|Any CPU
		{D9EF0526-49DA-4DE5-AD39-1F0D336FB95F}.Release|x86.ActiveCfg = Release|Any CPU
		{D9EF0526-49DA-4DE5-AD39-1F0D336FB95F}.Release|x86.Build.0 = Release|Any CPU
		{C13E9847-8A8F-4C25-BE75-CCF440BE55DC}.Debug|Any CPU.ActiveCfg = Debug|Any CPU
		{C13E9847-8A8F-4C25-BE75-CCF440BE55DC}.Debug|Any CPU.Build.0 = Debug|Any CPU
		{C13E9847-8A8F-4C25-BE75-CCF440BE55DC}.Debug|x64.ActiveCfg = Debug|Any CPU
		{C13E9847-8A8F-4C25-BE75-CCF440BE55DC}.Debug|x64.Build.0 = Debug|Any CPU
		{C13E9847-8A8F-4C25-BE75-CCF440BE55DC}.Debug|x86.ActiveCfg = Debug|Any CPU
		{C13E9847-8A8F-4C25-BE75-CCF440BE55DC}.Debug|x86.Build.0 = Debug|Any CPU
		{C13E9847-8A8F-4C25-BE75-CCF440BE55DC}.Release|Any CPU.ActiveCfg = Release|Any CPU
		{C13E9847-8A8F-4C25-BE75-CCF440BE55DC}.Release|Any CPU.Build.0 = Release|Any CPU
		{C13E9847-8A8F-4C25-BE75-CCF440BE55DC}.Release|x64.ActiveCfg = Release|Any CPU
		{C13E9847-8A8F-4C25-BE75-CCF440BE55DC}.Release|x64.Build.0 = Release|Any CPU
		{C13E9847-8A8F-4C25-BE75-CCF440BE55DC}.Release|x86.ActiveCfg = Release|Any CPU
		{C13E9847-8A8F-4C25-BE75-CCF440BE55DC}.Release|x86.Build.0 = Release|Any CPU
		{00CB500C-623E-4767-8E1E-D326084F274A}.Debug|Any CPU.ActiveCfg = Debug|x64
		{00CB500C-623E-4767-8E1E-D326084F274A}.Debug|Any CPU.Build.0 = Debug|x64
		{00CB500C-623E-4767-8E1E-D326084F274A}.Debug|x64.ActiveCfg = Debug|x64
		{00CB500C-623E-4767-8E1E-D326084F274A}.Debug|x64.Build.0 = Debug|x64
		{00CB500C-623E-4767-8E1E-D326084F274A}.Debug|x86.ActiveCfg = Debug|Win32
		{00CB500C-623E-4767-8E1E-D326084F274A}.Debug|x86.Build.0 = Debug|Win32
		{00CB500C-623E-4767-8E1E-D326084F274A}.Release|Any CPU.ActiveCfg = Release|x64
		{00CB500C-623E-4767-8E1E-D326084F274A}.Release|Any CPU.Build.0 = Release|x64
		{00CB500C-623E-4767-8E1E-D326084F274A}.Release|x64.ActiveCfg = Release|x64
		{00CB500C-623E-4767-8E1E-D326084F274A}.Release|x64.Build.0 = Release|x64
		{00CB500C-623E-4767-8E1E-D326084F274A}.Release|x86.ActiveCfg = Release|Win32
		{00CB500C-623E-4767-8E1E-D326084F274A}.Release|x86.Build.0 = Release|Win32
		{C0EA3F54-BA35-4675-9009-5FBAB2291EC1}.Debug|Any CPU.ActiveCfg = Debug|Any CPU
		{C0EA3F54-BA35-4675-9009-5FBAB2291EC1}.Debug|Any CPU.Build.0 = Debug|Any CPU
		{C0EA3F54-BA35-4675-9009-5FBAB2291EC1}.Debug|x64.ActiveCfg = Debug|Any CPU
		{C0EA3F54-BA35-4675-9009-5FBAB2291EC1}.Debug|x64.Build.0 = Debug|Any CPU
		{C0EA3F54-BA35-4675-9009-5FBAB2291EC1}.Debug|x86.ActiveCfg = Debug|Any CPU
		{C0EA3F54-BA35-4675-9009-5FBAB2291EC1}.Debug|x86.Build.0 = Debug|Any CPU
		{C0EA3F54-BA35-4675-9009-5FBAB2291EC1}.Release|Any CPU.ActiveCfg = Release|Any CPU
		{C0EA3F54-BA35-4675-9009-5FBAB2291EC1}.Release|Any CPU.Build.0 = Release|Any CPU
		{C0EA3F54-BA35-4675-9009-5FBAB2291EC1}.Release|x64.ActiveCfg = Release|Any CPU
		{C0EA3F54-BA35-4675-9009-5FBAB2291EC1}.Release|x64.Build.0 = Release|Any CPU
		{C0EA3F54-BA35-4675-9009-5FBAB2291EC1}.Release|x86.ActiveCfg = Release|Any CPU
		{C0EA3F54-BA35-4675-9009-5FBAB2291EC1}.Release|x86.Build.0 = Release|Any CPU
		{E242D7BE-4974-49FE-B195-62C0F40F2299}.Debug|Any CPU.ActiveCfg = Debug|Any CPU
		{E242D7BE-4974-49FE-B195-62C0F40F2299}.Debug|Any CPU.Build.0 = Debug|Any CPU
		{E242D7BE-4974-49FE-B195-62C0F40F2299}.Debug|x64.ActiveCfg = Debug|Any CPU
		{E242D7BE-4974-49FE-B195-62C0F40F2299}.Debug|x64.Build.0 = Debug|Any CPU
		{E242D7BE-4974-49FE-B195-62C0F40F2299}.Debug|x86.ActiveCfg = Debug|Any CPU
		{E242D7BE-4974-49FE-B195-62C0F40F2299}.Debug|x86.Build.0 = Debug|Any CPU
		{E242D7BE-4974-49FE-B195-62C0F40F2299}.Release|Any CPU.ActiveCfg = Release|Any CPU
		{E242D7BE-4974-49FE-B195-62C0F40F2299}.Release|Any CPU.Build.0 = Release|Any CPU
		{E242D7BE-4974-49FE-B195-62C0F40F2299}.Release|x64.ActiveCfg = Release|Any CPU
		{E242D7BE-4974-49FE-B195-62C0F40F2299}.Release|x64.Build.0 = Release|Any CPU
		{E242D7BE-4974-49FE-B195-62C0F40F2299}.Release|x86.ActiveCfg = Release|Any CPU
		{E242D7BE-4974-49FE-B195-62C0F40F2299}.Release|x86.Build.0 = Release|Any CPU
		{E721FFCA-04EC-40FE-A96A-84D66279EEFA}.Debug|Any CPU.ActiveCfg = Debug|Any CPU
		{E721FFCA-04EC-40FE-A96A-84D66279EEFA}.Debug|Any CPU.Build.0 = Debug|Any CPU
		{E721FFCA-04EC-40FE-A96A-84D66279EEFA}.Debug|x64.ActiveCfg = Debug|Any CPU
		{E721FFCA-04EC-40FE-A96A-84D66279EEFA}.Debug|x64.Build.0 = Debug|Any CPU
		{E721FFCA-04EC-40FE-A96A-84D66279EEFA}.Debug|x86.ActiveCfg = Debug|Any CPU
		{E721FFCA-04EC-40FE-A96A-84D66279EEFA}.Debug|x86.Build.0 = Debug|Any CPU
		{E721FFCA-04EC-40FE-A96A-84D66279EEFA}.Release|Any CPU.ActiveCfg = Release|Any CPU
		{E721FFCA-04EC-40FE-A96A-84D66279EEFA}.Release|Any CPU.Build.0 = Release|Any CPU
		{E721FFCA-04EC-40FE-A96A-84D66279EEFA}.Release|x64.ActiveCfg = Release|Any CPU
		{E721FFCA-04EC-40FE-A96A-84D66279EEFA}.Release|x64.Build.0 = Release|Any CPU
		{E721FFCA-04EC-40FE-A96A-84D66279EEFA}.Release|x86.ActiveCfg = Release|Any CPU
		{E721FFCA-04EC-40FE-A96A-84D66279EEFA}.Release|x86.Build.0 = Release|Any CPU
		{DD28834F-D8CC-494D-A1B5-51EEDA912AB7}.Debug|Any CPU.ActiveCfg = Debug|Any CPU
		{DD28834F-D8CC-494D-A1B5-51EEDA912AB7}.Debug|Any CPU.Build.0 = Debug|Any CPU
		{DD28834F-D8CC-494D-A1B5-51EEDA912AB7}.Debug|x64.ActiveCfg = Debug|Any CPU
		{DD28834F-D8CC-494D-A1B5-51EEDA912AB7}.Debug|x64.Build.0 = Debug|Any CPU
		{DD28834F-D8CC-494D-A1B5-51EEDA912AB7}.Debug|x86.ActiveCfg = Debug|Any CPU
		{DD28834F-D8CC-494D-A1B5-51EEDA912AB7}.Debug|x86.Build.0 = Debug|Any CPU
		{DD28834F-D8CC-494D-A1B5-51EEDA912AB7}.Release|Any CPU.ActiveCfg = Release|Any CPU
		{DD28834F-D8CC-494D-A1B5-51EEDA912AB7}.Release|Any CPU.Build.0 = Release|Any CPU
		{DD28834F-D8CC-494D-A1B5-51EEDA912AB7}.Release|x64.ActiveCfg = Release|Any CPU
		{DD28834F-D8CC-494D-A1B5-51EEDA912AB7}.Release|x64.Build.0 = Release|Any CPU
		{DD28834F-D8CC-494D-A1B5-51EEDA912AB7}.Release|x86.ActiveCfg = Release|Any CPU
		{DD28834F-D8CC-494D-A1B5-51EEDA912AB7}.Release|x86.Build.0 = Release|Any CPU
		{8CC1A739-C034-45F9-A349-FE81D3A72472}.Debug|Any CPU.ActiveCfg = Debug|x64
		{8CC1A739-C034-45F9-A349-FE81D3A72472}.Debug|Any CPU.Build.0 = Debug|x64
		{8CC1A739-C034-45F9-A349-FE81D3A72472}.Debug|x64.ActiveCfg = Debug|x64
		{8CC1A739-C034-45F9-A349-FE81D3A72472}.Debug|x64.Build.0 = Debug|x64
		{8CC1A739-C034-45F9-A349-FE81D3A72472}.Debug|x86.ActiveCfg = Debug|Win32
		{8CC1A739-C034-45F9-A349-FE81D3A72472}.Debug|x86.Build.0 = Debug|Win32
		{8CC1A739-C034-45F9-A349-FE81D3A72472}.Release|Any CPU.ActiveCfg = Release|x64
		{8CC1A739-C034-45F9-A349-FE81D3A72472}.Release|Any CPU.Build.0 = Release|x64
		{8CC1A739-C034-45F9-A349-FE81D3A72472}.Release|x64.ActiveCfg = Release|x64
		{8CC1A739-C034-45F9-A349-FE81D3A72472}.Release|x64.Build.0 = Release|x64
		{8CC1A739-C034-45F9-A349-FE81D3A72472}.Release|x86.ActiveCfg = Release|Win32
		{8CC1A739-C034-45F9-A349-FE81D3A72472}.Release|x86.Build.0 = Release|Win32
		{25929B52-8840-4FFD-80B4-6B761414914E}.Debug|Any CPU.ActiveCfg = Debug|Any CPU
		{25929B52-8840-4FFD-80B4-6B761414914E}.Debug|Any CPU.Build.0 = Debug|Any CPU
		{25929B52-8840-4FFD-80B4-6B761414914E}.Debug|x64.ActiveCfg = Debug|Any CPU
		{25929B52-8840-4FFD-80B4-6B761414914E}.Debug|x64.Build.0 = Debug|Any CPU
		{25929B52-8840-4FFD-80B4-6B761414914E}.Debug|x86.ActiveCfg = Debug|Any CPU
		{25929B52-8840-4FFD-80B4-6B761414914E}.Debug|x86.Build.0 = Debug|Any CPU
		{25929B52-8840-4FFD-80B4-6B761414914E}.Release|Any CPU.ActiveCfg = Release|Any CPU
		{25929B52-8840-4FFD-80B4-6B761414914E}.Release|Any CPU.Build.0 = Release|Any CPU
		{25929B52-8840-4FFD-80B4-6B761414914E}.Release|x64.ActiveCfg = Release|Any CPU
		{25929B52-8840-4FFD-80B4-6B761414914E}.Release|x64.Build.0 = Release|Any CPU
		{25929B52-8840-4FFD-80B4-6B761414914E}.Release|x86.ActiveCfg = Release|Any CPU
		{25929B52-8840-4FFD-80B4-6B761414914E}.Release|x86.Build.0 = Release|Any CPU
		{24AC6A45-BD15-414F-B594-7B25768F630A}.Debug|Any CPU.ActiveCfg = Debug|x64
		{24AC6A45-BD15-414F-B594-7B25768F630A}.Debug|Any CPU.Build.0 = Debug|x64
		{24AC6A45-BD15-414F-B594-7B25768F630A}.Debug|x64.ActiveCfg = Debug|x64
		{24AC6A45-BD15-414F-B594-7B25768F630A}.Debug|x64.Build.0 = Debug|x64
		{24AC6A45-BD15-414F-B594-7B25768F630A}.Debug|x86.ActiveCfg = Debug|Win32
		{24AC6A45-BD15-414F-B594-7B25768F630A}.Debug|x86.Build.0 = Debug|Win32
		{24AC6A45-BD15-414F-B594-7B25768F630A}.Release|Any CPU.ActiveCfg = Release|x64
		{24AC6A45-BD15-414F-B594-7B25768F630A}.Release|Any CPU.Build.0 = Release|x64
		{24AC6A45-BD15-414F-B594-7B25768F630A}.Release|x64.ActiveCfg = Release|x64
		{24AC6A45-BD15-414F-B594-7B25768F630A}.Release|x64.Build.0 = Release|x64
		{24AC6A45-BD15-414F-B594-7B25768F630A}.Release|x86.ActiveCfg = Release|Win32
		{24AC6A45-BD15-414F-B594-7B25768F630A}.Release|x86.Build.0 = Release|Win32
		{3B131A1B-3598-46F5-8A55-A696550C3E49}.Debug|Any CPU.ActiveCfg = Debug|x64
		{3B131A1B-3598-46F5-8A55-A696550C3E49}.Debug|Any CPU.Build.0 = Debug|x64
		{3B131A1B-3598-46F5-8A55-A696550C3E49}.Debug|x64.ActiveCfg = Debug|x64
		{3B131A1B-3598-46F5-8A55-A696550C3E49}.Debug|x64.Build.0 = Debug|x64
		{3B131A1B-3598-46F5-8A55-A696550C3E49}.Debug|x86.ActiveCfg = Debug|Win32
		{3B131A1B-3598-46F5-8A55-A696550C3E49}.Debug|x86.Build.0 = Debug|Win32
		{3B131A1B-3598-46F5-8A55-A696550C3E49}.Release|Any CPU.ActiveCfg = Release|x64
		{3B131A1B-3598-46F5-8A55-A696550C3E49}.Release|Any CPU.Build.0 = Release|x64
		{3B131A1B-3598-46F5-8A55-A696550C3E49}.Release|x64.ActiveCfg = Release|x64
		{3B131A1B-3598-46F5-8A55-A696550C3E49}.Release|x64.Build.0 = Release|x64
		{3B131A1B-3598-46F5-8A55-A696550C3E49}.Release|x86.ActiveCfg = Release|Win32
		{3B131A1B-3598-46F5-8A55-A696550C3E49}.Release|x86.Build.0 = Release|Win32
		{24B48F94-3AAD-49DA-923C-5680A1CF439E}.Debug|Any CPU.ActiveCfg = Debug|x64
		{24B48F94-3AAD-49DA-923C-5680A1CF439E}.Debug|Any CPU.Build.0 = Debug|x64
		{24B48F94-3AAD-49DA-923C-5680A1CF439E}.Debug|x64.ActiveCfg = Debug|x64
		{24B48F94-3AAD-49DA-923C-5680A1CF439E}.Debug|x64.Build.0 = Debug|x64
		{24B48F94-3AAD-49DA-923C-5680A1CF439E}.Debug|x86.ActiveCfg = Debug|Win32
		{24B48F94-3AAD-49DA-923C-5680A1CF439E}.Debug|x86.Build.0 = Debug|Win32
		{24B48F94-3AAD-49DA-923C-5680A1CF439E}.Release|Any CPU.ActiveCfg = Release|x64
		{24B48F94-3AAD-49DA-923C-5680A1CF439E}.Release|Any CPU.Build.0 = Release|x64
		{24B48F94-3AAD-49DA-923C-5680A1CF439E}.Release|x64.ActiveCfg = Release|x64
		{24B48F94-3AAD-49DA-923C-5680A1CF439E}.Release|x64.Build.0 = Release|x64
		{24B48F94-3AAD-49DA-923C-5680A1CF439E}.Release|x86.ActiveCfg = Release|Win32
		{24B48F94-3AAD-49DA-923C-5680A1CF439E}.Release|x86.Build.0 = Release|Win32
		{418D837D-0DD1-4B6E-97FB-966CD04410B2}.Debug|Any CPU.ActiveCfg = Debug|x64
		{418D837D-0DD1-4B6E-97FB-966CD04410B2}.Debug|Any CPU.Build.0 = Debug|x64
		{418D837D-0DD1-4B6E-97FB-966CD04410B2}.Debug|x64.ActiveCfg = Debug|x64
		{418D837D-0DD1-4B6E-97FB-966CD04410B2}.Debug|x64.Build.0 = Debug|x64
		{418D837D-0DD1-4B6E-97FB-966CD04410B2}.Debug|x86.ActiveCfg = Debug|Win32
		{418D837D-0DD1-4B6E-97FB-966CD04410B2}.Debug|x86.Build.0 = Debug|Win32
		{418D837D-0DD1-4B6E-97FB-966CD04410B2}.Release|Any CPU.ActiveCfg = Release|x64
		{418D837D-0DD1-4B6E-97FB-966CD04410B2}.Release|Any CPU.Build.0 = Release|x64
		{418D837D-0DD1-4B6E-97FB-966CD04410B2}.Release|x64.ActiveCfg = Release|x64
		{418D837D-0DD1-4B6E-97FB-966CD04410B2}.Release|x64.Build.0 = Release|x64
		{418D837D-0DD1-4B6E-97FB-966CD04410B2}.Release|x86.ActiveCfg = Release|Win32
		{418D837D-0DD1-4B6E-97FB-966CD04410B2}.Release|x86.Build.0 = Release|Win32
		{A174C530-2B0C-4598-B3D3-C5BAF287F61C}.Debug|Any CPU.ActiveCfg = Debug|x64
		{A174C530-2B0C-4598-B3D3-C5BAF287F61C}.Debug|Any CPU.Build.0 = Debug|x64
		{A174C530-2B0C-4598-B3D3-C5BAF287F61C}.Debug|x64.ActiveCfg = Debug|x64
		{A174C530-2B0C-4598-B3D3-C5BAF287F61C}.Debug|x64.Build.0 = Debug|x64
		{A174C530-2B0C-4598-B3D3-C5BAF287F61C}.Debug|x86.ActiveCfg = Debug|Win32
		{A174C530-2B0C-4598-B3D3-C5BAF287F61C}.Debug|x86.Build.0 = Debug|Win32
		{A174C530-2B0C-4598-B3D3-C5BAF287F61C}.Release|Any CPU.ActiveCfg = Release|x64
		{A174C530-2B0C-4598-B3D3-C5BAF287F61C}.Release|Any CPU.Build.0 = Release|x64
		{A174C530-2B0C-4598-B3D3-C5BAF287F61C}.Release|x64.ActiveCfg = Release|x64
		{A174C530-2B0C-4598-B3D3-C5BAF287F61C}.Release|x64.Build.0 = Release|x64
		{A174C530-2B0C-4598-B3D3-C5BAF287F61C}.Release|x86.ActiveCfg = Release|Win32
		{A174C530-2B0C-4598-B3D3-C5BAF287F61C}.Release|x86.Build.0 = Release|Win32
		{0A8C0159-CA25-4EAC-97F5-249BCCEE190A}.Debug|Any CPU.ActiveCfg = Debug|x64
		{0A8C0159-CA25-4EAC-97F5-249BCCEE190A}.Debug|Any CPU.Build.0 = Debug|x64
		{0A8C0159-CA25-4EAC-97F5-249BCCEE190A}.Debug|x64.ActiveCfg = Debug|x64
		{0A8C0159-CA25-4EAC-97F5-249BCCEE190A}.Debug|x64.Build.0 = Debug|x64
		{0A8C0159-CA25-4EAC-97F5-249BCCEE190A}.Debug|x86.ActiveCfg = Debug|Win32
		{0A8C0159-CA25-4EAC-97F5-249BCCEE190A}.Debug|x86.Build.0 = Debug|Win32
		{0A8C0159-CA25-4EAC-97F5-249BCCEE190A}.Release|Any CPU.ActiveCfg = Release|x64
		{0A8C0159-CA25-4EAC-97F5-249BCCEE190A}.Release|Any CPU.Build.0 = Release|x64
		{0A8C0159-CA25-4EAC-97F5-249BCCEE190A}.Release|x64.ActiveCfg = Release|x64
		{0A8C0159-CA25-4EAC-97F5-249BCCEE190A}.Release|x64.Build.0 = Release|x64
		{0A8C0159-CA25-4EAC-97F5-249BCCEE190A}.Release|x86.ActiveCfg = Release|Win32
		{0A8C0159-CA25-4EAC-97F5-249BCCEE190A}.Release|x86.Build.0 = Release|Win32
		{DC69B3D1-FF12-42D9-B52B-55743BF18EE7}.Debug|Any CPU.ActiveCfg = Debug|x64
		{DC69B3D1-FF12-42D9-B52B-55743BF18EE7}.Debug|Any CPU.Build.0 = Debug|x64
		{DC69B3D1-FF12-42D9-B52B-55743BF18EE7}.Debug|x64.ActiveCfg = Debug|x64
		{DC69B3D1-FF12-42D9-B52B-55743BF18EE7}.Debug|x64.Build.0 = Debug|x64
		{DC69B3D1-FF12-42D9-B52B-55743BF18EE7}.Debug|x86.ActiveCfg = Debug|Win32
		{DC69B3D1-FF12-42D9-B52B-55743BF18EE7}.Debug|x86.Build.0 = Debug|Win32
		{DC69B3D1-FF12-42D9-B52B-55743BF18EE7}.Release|Any CPU.ActiveCfg = Release|x64
		{DC69B3D1-FF12-42D9-B52B-55743BF18EE7}.Release|Any CPU.Build.0 = Release|x64
		{DC69B3D1-FF12-42D9-B52B-55743BF18EE7}.Release|x64.ActiveCfg = Release|x64
		{DC69B3D1-FF12-42D9-B52B-55743BF18EE7}.Release|x64.Build.0 = Release|x64
		{DC69B3D1-FF12-42D9-B52B-55743BF18EE7}.Release|x86.ActiveCfg = Release|Win32
		{DC69B3D1-FF12-42D9-B52B-55743BF18EE7}.Release|x86.Build.0 = Release|Win32
		{9ECBF728-CB2F-4658-9AE2-308FE05CAB0A}.Debug|Any CPU.ActiveCfg = Debug|x64
		{9ECBF728-CB2F-4658-9AE2-308FE05CAB0A}.Debug|Any CPU.Build.0 = Debug|x64
		{9ECBF728-CB2F-4658-9AE2-308FE05CAB0A}.Debug|x64.ActiveCfg = Debug|x64
		{9ECBF728-CB2F-4658-9AE2-308FE05CAB0A}.Debug|x64.Build.0 = Debug|x64
		{9ECBF728-CB2F-4658-9AE2-308FE05CAB0A}.Debug|x86.ActiveCfg = Debug|Win32
		{9ECBF728-CB2F-4658-9AE2-308FE05CAB0A}.Debug|x86.Build.0 = Debug|Win32
		{9ECBF728-CB2F-4658-9AE2-308FE05CAB0A}.Release|Any CPU.ActiveCfg = Release|x64
		{9ECBF728-CB2F-4658-9AE2-308FE05CAB0A}.Release|Any CPU.Build.0 = Release|x64
		{9ECBF728-CB2F-4658-9AE2-308FE05CAB0A}.Release|x64.ActiveCfg = Release|x64
		{9ECBF728-CB2F-4658-9AE2-308FE05CAB0A}.Release|x64.Build.0 = Release|x64
		{9ECBF728-CB2F-4658-9AE2-308FE05CAB0A}.Release|x86.ActiveCfg = Release|Win32
		{9ECBF728-CB2F-4658-9AE2-308FE05CAB0A}.Release|x86.Build.0 = Release|Win32
		{AEF51872-A7D0-41DB-8473-679C1541560B}.Debug|Any CPU.ActiveCfg = Debug|x64
		{AEF51872-A7D0-41DB-8473-679C1541560B}.Debug|Any CPU.Build.0 = Debug|x64
		{AEF51872-A7D0-41DB-8473-679C1541560B}.Debug|x64.ActiveCfg = Debug|x64
		{AEF51872-A7D0-41DB-8473-679C1541560B}.Debug|x64.Build.0 = Debug|x64
		{AEF51872-A7D0-41DB-8473-679C1541560B}.Debug|x86.ActiveCfg = Debug|Win32
		{AEF51872-A7D0-41DB-8473-679C1541560B}.Debug|x86.Build.0 = Debug|Win32
		{AEF51872-A7D0-41DB-8473-679C1541560B}.Release|Any CPU.ActiveCfg = Release|x64
		{AEF51872-A7D0-41DB-8473-679C1541560B}.Release|Any CPU.Build.0 = Release|x64
		{AEF51872-A7D0-41DB-8473-679C1541560B}.Release|x64.ActiveCfg = Release|x64
		{AEF51872-A7D0-41DB-8473-679C1541560B}.Release|x64.Build.0 = Release|x64
		{AEF51872-A7D0-41DB-8473-679C1541560B}.Release|x86.ActiveCfg = Release|Win32
		{AEF51872-A7D0-41DB-8473-679C1541560B}.Release|x86.Build.0 = Release|Win32
		{5C2081FC-7446-4C46-AB9F-4FA3159283EE}.Debug|Any CPU.ActiveCfg = Debug|x64
		{5C2081FC-7446-4C46-AB9F-4FA3159283EE}.Debug|Any CPU.Build.0 = Debug|x64
		{5C2081FC-7446-4C46-AB9F-4FA3159283EE}.Debug|x64.ActiveCfg = Debug|x64
		{5C2081FC-7446-4C46-AB9F-4FA3159283EE}.Debug|x64.Build.0 = Debug|x64
		{5C2081FC-7446-4C46-AB9F-4FA3159283EE}.Debug|x86.ActiveCfg = Debug|Win32
		{5C2081FC-7446-4C46-AB9F-4FA3159283EE}.Debug|x86.Build.0 = Debug|Win32
		{5C2081FC-7446-4C46-AB9F-4FA3159283EE}.Release|Any CPU.ActiveCfg = Release|x64
		{5C2081FC-7446-4C46-AB9F-4FA3159283EE}.Release|Any CPU.Build.0 = Release|x64
		{5C2081FC-7446-4C46-AB9F-4FA3159283EE}.Release|x64.ActiveCfg = Release|x64
		{5C2081FC-7446-4C46-AB9F-4FA3159283EE}.Release|x64.Build.0 = Release|x64
		{5C2081FC-7446-4C46-AB9F-4FA3159283EE}.Release|x86.ActiveCfg = Release|Win32
		{5C2081FC-7446-4C46-AB9F-4FA3159283EE}.Release|x86.Build.0 = Release|Win32
		{F136C15C-B4CB-4C25-9431-A946B302C965}.Debug|Any CPU.ActiveCfg = Debug|x64
		{F136C15C-B4CB-4C25-9431-A946B302C965}.Debug|Any CPU.Build.0 = Debug|x64
		{F136C15C-B4CB-4C25-9431-A946B302C965}.Debug|x64.ActiveCfg = Debug|x64
		{F136C15C-B4CB-4C25-9431-A946B302C965}.Debug|x64.Build.0 = Debug|x64
		{F136C15C-B4CB-4C25-9431-A946B302C965}.Debug|x86.ActiveCfg = Debug|Win32
		{F136C15C-B4CB-4C25-9431-A946B302C965}.Debug|x86.Build.0 = Debug|Win32
		{F136C15C-B4CB-4C25-9431-A946B302C965}.Release|Any CPU.ActiveCfg = Release|x64
		{F136C15C-B4CB-4C25-9431-A946B302C965}.Release|Any CPU.Build.0 = Release|x64
		{F136C15C-B4CB-4C25-9431-A946B302C965}.Release|x64.ActiveCfg = Release|x64
		{F136C15C-B4CB-4C25-9431-A946B302C965}.Release|x64.Build.0 = Release|x64
		{F136C15C-B4CB-4C25-9431-A946B302C965}.Release|x86.ActiveCfg = Release|Win32
		{F136C15C-B4CB-4C25-9431-A946B302C965}.Release|x86.Build.0 = Release|Win32
		{21B769FE-B1A3-44AB-8E87-793F966CBB44}.Debug|Any CPU.ActiveCfg = Debug|Any CPU
		{21B769FE-B1A3-44AB-8E87-793F966CBB44}.Debug|Any CPU.Build.0 = Debug|Any CPU
		{21B769FE-B1A3-44AB-8E87-793F966CBB44}.Debug|x64.ActiveCfg = Debug|Any CPU
		{21B769FE-B1A3-44AB-8E87-793F966CBB44}.Debug|x64.Build.0 = Debug|Any CPU
		{21B769FE-B1A3-44AB-8E87-793F966CBB44}.Debug|x86.ActiveCfg = Debug|Any CPU
		{21B769FE-B1A3-44AB-8E87-793F966CBB44}.Debug|x86.Build.0 = Debug|Any CPU
		{21B769FE-B1A3-44AB-8E87-793F966CBB44}.Release|Any CPU.ActiveCfg = Release|Any CPU
		{21B769FE-B1A3-44AB-8E87-793F966CBB44}.Release|Any CPU.Build.0 = Release|Any CPU
		{21B769FE-B1A3-44AB-8E87-793F966CBB44}.Release|x64.ActiveCfg = Release|Any CPU
		{21B769FE-B1A3-44AB-8E87-793F966CBB44}.Release|x64.Build.0 = Release|Any CPU
		{21B769FE-B1A3-44AB-8E87-793F966CBB44}.Release|x86.ActiveCfg = Release|Any CPU
		{21B769FE-B1A3-44AB-8E87-793F966CBB44}.Release|x86.Build.0 = Release|Any CPU
	EndGlobalSection
	GlobalSection(SolutionProperties) = preSolution
		HideSolutionNode = FALSE
	EndGlobalSection
	GlobalSection(ExtensibilityGlobals) = postSolution
		SolutionGuid = {9E744341-46E3-4B46-8DF4-7ABA4688B7E9}
	EndGlobalSection
EndGlobal
