
Microsoft Visual Studio Solution File, Format Version 12.00
Project("{FAE04EC0-301F-11D3-BF4B-00C04F79EFBC}") = "day01", "day01\day01.csproj", "{39D31B4E-BA67-4D69-A523-7DAC78FD0B1D}"
EndProject
Project("{FAE04EC0-301F-11D3-BF4B-00C04F79EFBC}") = "day02", "day02\day02.csproj", "{424EDF53-7177-4D5A-B897-1DA8A316E9BF}"
EndProject
Project("{FAE04EC0-301F-11D3-BF4B-00C04F79EFBC}") = "day03", "day03\day03.csproj", "{4927677D-6B1E-4D3C-B4D4-E9A4CC731AD6}"
EndProject
Project("{FAE04EC0-301F-11D3-BF4B-00C04F79EFBC}") = "day04", "day04\day04.csproj", "{BF5ED5E5-245C-4F10-B6ED-2AA5890D5F8F}"
EndProject
Project("{FAE04EC0-301F-11D3-BF4B-00C04F79EFBC}") = "day05", "day05\day05.csproj", "{4DB7F57D-D97F-4036-97D8-FDD761C2B014}"
EndProject
Global
	GlobalSection(SolutionConfigurationPlatforms) = preSolution
		Debug|Any CPU = Debug|Any CPU
		Release|Any CPU = Release|Any CPU
	EndGlobalSection
	GlobalSection(ProjectConfigurationPlatforms) = postSolution
		{39D31B4E-BA67-4D69-A523-7DAC78FD0B1D}.Debug|Any CPU.ActiveCfg = Debug|Any CPU
		{39D31B4E-BA67-4D69-A523-7DAC78FD0B1D}.Debug|Any CPU.Build.0 = Debug|Any CPU
		{39D31B4E-BA67-4D69-A523-7DAC78FD0B1D}.Release|Any CPU.ActiveCfg = Release|Any CPU
		{39D31B4E-BA67-4D69-A523-7DAC78FD0B1D}.Release|Any CPU.Build.0 = Release|Any CPU
		{424EDF53-7177-4D5A-B897-1DA8A316E9BF}.Debug|Any CPU.ActiveCfg = Debug|Any CPU
		{424EDF53-7177-4D5A-B897-1DA8A316E9BF}.Debug|Any CPU.Build.0 = Debug|Any CPU
		{424EDF53-7177-4D5A-B897-1DA8A316E9BF}.Release|Any CPU.ActiveCfg = Release|Any CPU
		{424EDF53-7177-4D5A-B897-1DA8A316E9BF}.Release|Any CPU.Build.0 = Release|Any CPU
		{4927677D-6B1E-4D3C-B4D4-E9A4CC731AD6}.Debug|Any CPU.ActiveCfg = Debug|Any CPU
		{4927677D-6B1E-4D3C-B4D4-E9A4CC731AD6}.Debug|Any CPU.Build.0 = Debug|Any CPU
		{4927677D-6B1E-4D3C-B4D4-E9A4CC731AD6}.Release|Any CPU.ActiveCfg = Release|Any CPU
		{4927677D-6B1E-4D3C-B4D4-E9A4CC731AD6}.Release|Any CPU.Build.0 = Release|Any CPU
		{BF5ED5E5-245C-4F10-B6ED-2AA5890D5F8F}.Debug|Any CPU.ActiveCfg = Debug|Any CPU
		{BF5ED5E5-245C-4F10-B6ED-2AA5890D5F8F}.Debug|Any CPU.Build.0 = Debug|Any CPU
		{BF5ED5E5-245C-4F10-B6ED-2AA5890D5F8F}.Release|Any CPU.ActiveCfg = Release|Any CPU
		{BF5ED5E5-245C-4F10-B6ED-2AA5890D5F8F}.Release|Any CPU.Build.0 = Release|Any CPU
		{4DB7F57D-D97F-4036-97D8-FDD761C2B014}.Debug|Any CPU.ActiveCfg = Debug|Any CPU
		{4DB7F57D-D97F-4036-97D8-FDD761C2B014}.Debug|Any CPU.Build.0 = Debug|Any CPU
		{4DB7F57D-D97F-4036-97D8-FDD761C2B014}.Release|Any CPU.ActiveCfg = Release|Any CPU
		{4DB7F57D-D97F-4036-97D8-FDD761C2B014}.Release|Any CPU.Build.0 = Release|Any CPU
	EndGlobalSection
EndGlobal
