
Microsoft Visual Studio Solution File, Format Version 12.00
Project("{FAE04EC0-301F-11D3-BF4B-00C04F79EFBC}") = "day01", "day01\day01.csproj", "{39D31B4E-BA67-4D69-A523-7DAC78FD0B1D}"
EndProject
Project("{FAE04EC0-301F-11D3-BF4B-00C04F79EFBC}") = "day02", "day02\day02.csproj", "{424EDF53-7177-4D5A-B897-1DA8A316E9BF}"
EndProject
Project("{FAE04EC0-301F-11D3-BF4B-00C04F79EFBC}") = "day03", "day03\day03.csproj", "{4927677D-6B1E-4D3C-B4D4-E9A4CC731AD6}"
EndProject
Project("{FAE04EC0-301F-11D3-BF4B-00C04F79EFBC}") = "day04", "day04\day04.csproj", "{BF5ED5E5-245C-4F10-B6ED-2AA5890D5F8F}"
EndProject
Project("{FAE04EC0-301F-11D3-BF4B-00C04F79EFBC}") = "day05", "day05\day05.csproj", "{4DB7F57D-D97F-4036-97D8-FDD761C2B014}"
EndProject
Project("{FAE04EC0-301F-11D3-BF4B-00C04F79EFBC}") = "day06", "day06\day06.csproj", "{5D663B1A-1B07-4C88-99EC-80BD0B8A4261}"
EndProject
Project("{FAE04EC0-301F-11D3-BF4B-00C04F79EFBC}") = "day07", "day07\day07.csproj", "{2052F716-CF93-4970-A444-6F1064BDF39C}"
EndProject
Project("{FAE04EC0-301F-11D3-BF4B-00C04F79EFBC}") = "day08", "day08\day08.csproj", "{78F74A53-FFEB-4A28-990A-519BB89A0772}"
EndProject
Project("{FAE04EC0-301F-11D3-BF4B-00C04F79EFBC}") = "day09", "day09\day09.csproj", "{A89748D4-0F6F-4A10-8086-C5E860A344FA}"
EndProject
Project("{FAE04EC0-301F-11D3-BF4B-00C04F79EFBC}") = "day10", "day10\day10.csproj", "{E7450CCB-7BF6-4F43-ADE9-C85F8E2816AD}"
EndProject
Project("{FAE04EC0-301F-11D3-BF4B-00C04F79EFBC}") = "day11", "day11\day11.csproj", "{ADD88955-5523-4716-ABE5-D1E31D54FEB7}"
EndProject
Project("{FAE04EC0-301F-11D3-BF4B-00C04F79EFBC}") = "day12", "day12\day12.csproj", "{5025BF94-FBD2-4670-95F5-9E7E182B36D6}"
EndProject
Project("{FAE04EC0-301F-11D3-BF4B-00C04F79EFBC}") = "day13", "day13\day13.csproj", "{9AF80A98-F2CF-4F9C-9D23-B171D7A855B5}"
EndProject
Project("{FAE04EC0-301F-11D3-BF4B-00C04F79EFBC}") = "day14", "day14\day14.csproj", "{B140E800-7736-4D6D-94B6-D980AB00696F}"
EndProject
Project("{FAE04EC0-301F-11D3-BF4B-00C04F79EFBC}") = "day15", "day15\day15.csproj", "{079DD71D-6E4A-4AE8-9AEE-560B790AE021}"
EndProject
Project("{FAE04EC0-301F-11D3-BF4B-00C04F79EFBC}") = "day16", "day16\day16.csproj", "{EC86DBA9-9F58-4E68-8677-09161D3235C8}"
EndProject
Global
	GlobalSection(SolutionConfigurationPlatforms) = preSolution
		Debug|Any CPU = Debug|Any CPU
		Release|Any CPU = Release|Any CPU
	EndGlobalSection
	GlobalSection(ProjectConfigurationPlatforms) = postSolution
		{39D31B4E-BA67-4D69-A523-7DAC78FD0B1D}.Debug|Any CPU.ActiveCfg = Debug|Any CPU
		{39D31B4E-BA67-4D69-A523-7DAC78FD0B1D}.Debug|Any CPU.Build.0 = Debug|Any CPU
		{39D31B4E-BA67-4D69-A523-7DAC78FD0B1D}.Release|Any CPU.ActiveCfg = Release|Any CPU
		{39D31B4E-BA67-4D69-A523-7DAC78FD0B1D}.Release|Any CPU.Build.0 = Release|Any CPU
		{424EDF53-7177-4D5A-B897-1DA8A316E9BF}.Debug|Any CPU.ActiveCfg = Debug|Any CPU
		{424EDF53-7177-4D5A-B897-1DA8A316E9BF}.Debug|Any CPU.Build.0 = Debug|Any CPU
		{424EDF53-7177-4D5A-B897-1DA8A316E9BF}.Release|Any CPU.ActiveCfg = Release|Any CPU
		{424EDF53-7177-4D5A-B897-1DA8A316E9BF}.Release|Any CPU.Build.0 = Release|Any CPU
		{4927677D-6B1E-4D3C-B4D4-E9A4CC731AD6}.Debug|Any CPU.ActiveCfg = Debug|Any CPU
		{4927677D-6B1E-4D3C-B4D4-E9A4CC731AD6}.Debug|Any CPU.Build.0 = Debug|Any CPU
		{4927677D-6B1E-4D3C-B4D4-E9A4CC731AD6}.Release|Any CPU.ActiveCfg = Release|Any CPU
		{4927677D-6B1E-4D3C-B4D4-E9A4CC731AD6}.Release|Any CPU.Build.0 = Release|Any CPU
		{BF5ED5E5-245C-4F10-B6ED-2AA5890D5F8F}.Debug|Any CPU.ActiveCfg = Debug|Any CPU
		{BF5ED5E5-245C-4F10-B6ED-2AA5890D5F8F}.Debug|Any CPU.Build.0 = Debug|Any CPU
		{BF5ED5E5-245C-4F10-B6ED-2AA5890D5F8F}.Release|Any CPU.ActiveCfg = Release|Any CPU
		{BF5ED5E5-245C-4F10-B6ED-2AA5890D5F8F}.Release|Any CPU.Build.0 = Release|Any CPU
		{4DB7F57D-D97F-4036-97D8-FDD761C2B014}.Debug|Any CPU.ActiveCfg = Debug|Any CPU
		{4DB7F57D-D97F-4036-97D8-FDD761C2B014}.Debug|Any CPU.Build.0 = Debug|Any CPU
		{4DB7F57D-D97F-4036-97D8-FDD761C2B014}.Release|Any CPU.ActiveCfg = Release|Any CPU
		{4DB7F57D-D97F-4036-97D8-FDD761C2B014}.Release|Any CPU.Build.0 = Release|Any CPU
		{5D663B1A-1B07-4C88-99EC-80BD0B8A4261}.Debug|Any CPU.ActiveCfg = Debug|Any CPU
		{5D663B1A-1B07-4C88-99EC-80BD0B8A4261}.Debug|Any CPU.Build.0 = Debug|Any CPU
		{5D663B1A-1B07-4C88-99EC-80BD0B8A4261}.Release|Any CPU.ActiveCfg = Release|Any CPU
		{5D663B1A-1B07-4C88-99EC-80BD0B8A4261}.Release|Any CPU.Build.0 = Release|Any CPU
		{2052F716-CF93-4970-A444-6F1064BDF39C}.Debug|Any CPU.ActiveCfg = Debug|Any CPU
		{2052F716-CF93-4970-A444-6F1064BDF39C}.Debug|Any CPU.Build.0 = Debug|Any CPU
		{2052F716-CF93-4970-A444-6F1064BDF39C}.Release|Any CPU.ActiveCfg = Release|Any CPU
		{2052F716-CF93-4970-A444-6F1064BDF39C}.Release|Any CPU.Build.0 = Release|Any CPU
		{78F74A53-FFEB-4A28-990A-519BB89A0772}.Debug|Any CPU.ActiveCfg = Debug|Any CPU
		{78F74A53-FFEB-4A28-990A-519BB89A0772}.Debug|Any CPU.Build.0 = Debug|Any CPU
		{78F74A53-FFEB-4A28-990A-519BB89A0772}.Release|Any CPU.ActiveCfg = Release|Any CPU
		{78F74A53-FFEB-4A28-990A-519BB89A0772}.Release|Any CPU.Build.0 = Release|Any CPU
		{A89748D4-0F6F-4A10-8086-C5E860A344FA}.Debug|Any CPU.ActiveCfg = Debug|Any CPU
		{A89748D4-0F6F-4A10-8086-C5E860A344FA}.Debug|Any CPU.Build.0 = Debug|Any CPU
		{A89748D4-0F6F-4A10-8086-C5E860A344FA}.Release|Any CPU.ActiveCfg = Release|Any CPU
		{A89748D4-0F6F-4A10-8086-C5E860A344FA}.Release|Any CPU.Build.0 = Release|Any CPU
		{E7450CCB-7BF6-4F43-ADE9-C85F8E2816AD}.Debug|Any CPU.ActiveCfg = Debug|Any CPU
		{E7450CCB-7BF6-4F43-ADE9-C85F8E2816AD}.Debug|Any CPU.Build.0 = Debug|Any CPU
		{E7450CCB-7BF6-4F43-ADE9-C85F8E2816AD}.Release|Any CPU.ActiveCfg = Release|Any CPU
		{E7450CCB-7BF6-4F43-ADE9-C85F8E2816AD}.Release|Any CPU.Build.0 = Release|Any CPU
		{ADD88955-5523-4716-ABE5-D1E31D54FEB7}.Debug|Any CPU.ActiveCfg = Debug|Any CPU
		{ADD88955-5523-4716-ABE5-D1E31D54FEB7}.Debug|Any CPU.Build.0 = Debug|Any CPU
		{ADD88955-5523-4716-ABE5-D1E31D54FEB7}.Release|Any CPU.ActiveCfg = Release|Any CPU
		{ADD88955-5523-4716-ABE5-D1E31D54FEB7}.Release|Any CPU.Build.0 = Release|Any CPU
		{5025BF94-FBD2-4670-95F5-9E7E182B36D6}.Debug|Any CPU.ActiveCfg = Debug|Any CPU
		{5025BF94-FBD2-4670-95F5-9E7E182B36D6}.Debug|Any CPU.Build.0 = Debug|Any CPU
		{5025BF94-FBD2-4670-95F5-9E7E182B36D6}.Release|Any CPU.ActiveCfg = Release|Any CPU
		{5025BF94-FBD2-4670-95F5-9E7E182B36D6}.Release|Any CPU.Build.0 = Release|Any CPU
		{9AF80A98-F2CF-4F9C-9D23-B171D7A855B5}.Debug|Any CPU.ActiveCfg = Debug|Any CPU
		{9AF80A98-F2CF-4F9C-9D23-B171D7A855B5}.Debug|Any CPU.Build.0 = Debug|Any CPU
		{9AF80A98-F2CF-4F9C-9D23-B171D7A855B5}.Release|Any CPU.ActiveCfg = Release|Any CPU
		{9AF80A98-F2CF-4F9C-9D23-B171D7A855B5}.Release|Any CPU.Build.0 = Release|Any CPU
		{B140E800-7736-4D6D-94B6-D980AB00696F}.Debug|Any CPU.ActiveCfg = Debug|Any CPU
		{B140E800-7736-4D6D-94B6-D980AB00696F}.Debug|Any CPU.Build.0 = Debug|Any CPU
		{B140E800-7736-4D6D-94B6-D980AB00696F}.Release|Any CPU.ActiveCfg = Release|Any CPU
		{B140E800-7736-4D6D-94B6-D980AB00696F}.Release|Any CPU.Build.0 = Release|Any CPU
		{079DD71D-6E4A-4AE8-9AEE-560B790AE021}.Debug|Any CPU.ActiveCfg = Debug|Any CPU
		{079DD71D-6E4A-4AE8-9AEE-560B790AE021}.Debug|Any CPU.Build.0 = Debug|Any CPU
		{079DD71D-6E4A-4AE8-9AEE-560B790AE021}.Release|Any CPU.ActiveCfg = Release|Any CPU
		{079DD71D-6E4A-4AE8-9AEE-560B790AE021}.Release|Any CPU.Build.0 = Release|Any CPU
		{EC86DBA9-9F58-4E68-8677-09161D3235C8}.Debug|Any CPU.ActiveCfg = Debug|Any CPU
		{EC86DBA9-9F58-4E68-8677-09161D3235C8}.Debug|Any CPU.Build.0 = Debug|Any CPU
		{EC86DBA9-9F58-4E68-8677-09161D3235C8}.Release|Any CPU.ActiveCfg = Release|Any CPU
		{EC86DBA9-9F58-4E68-8677-09161D3235C8}.Release|Any CPU.Build.0 = Release|Any CPU
	EndGlobalSection
EndGlobal
