
Microsoft Visual Studio Solution File, Format Version 12.00
Project("{FAE04EC0-301F-11D3-BF4B-00C04F79EFBC}") = "day01", "day01\day01.csproj", "{39D31B4E-BA67-4D69-A523-7DAC78FD0B1D}"
EndProject
Global
	GlobalSection(SolutionConfigurationPlatforms) = preSolution
		Debug|Any CPU = Debug|Any CPU
		Release|Any CPU = Release|Any CPU
	EndGlobalSection
	GlobalSection(ProjectConfigurationPlatforms) = postSolution
		{39D31B4E-BA67-4D69-A523-7DAC78FD0B1D}.Debug|Any CPU.ActiveCfg = Debug|Any CPU
		{39D31B4E-BA67-4D69-A523-7DAC78FD0B1D}.Debug|Any CPU.Build.0 = Debug|Any CPU
		{39D31B4E-BA67-4D69-A523-7DAC78FD0B1D}.Release|Any CPU.ActiveCfg = Release|Any CPU
		{39D31B4E-BA67-4D69-A523-7DAC78FD0B1D}.Release|Any CPU.Build.0 = Release|Any CPU
	EndGlobalSection
EndGlobal
